
Microsoft Visual Studio Solution File, Format Version 12.00
# Visual Studio Version 17
VisualStudioVersion = 17.5.002.0
MinimumVisualStudioVersion = 10.0.40219.1
Project("{2150E333-8FDC-42A3-9474-1A3956D46DE8}") = "csharp-prep", "csharp-prep", "{8531D780-D9A0-48F4-B0D9-344EBDED39B1}"
EndProject
Project("{9A19103F-16F7-4668-BE54-9A1E7A4F7556}") = "Prep1", "csharp-prep\Prep1\Prep1.csproj", "{5F6E4A35-B10A-443D-BD04-444B253794D1}"
EndProject
Project("{9A19103F-16F7-4668-BE54-9A1E7A4F7556}") = "Prep2", "csharp-prep\Prep2\Prep2.csproj", "{251F6BB3-55C6-4305-9884-DD6CCC6A99B5}"
EndProject
Project("{9A19103F-16F7-4668-BE54-9A1E7A4F7556}") = "Prep3", "csharp-prep\Prep3\Prep3.csproj", "{9222629B-F529-4034-BBEF-9439FCDE64D6}"
EndProject
Project("{9A19103F-16F7-4668-BE54-9A1E7A4F7556}") = "Prep4", "csharp-prep\Prep4\Prep4.csproj", "{168604C5-2564-4758-981B-DF155803209A}"
EndProject
Project("{9A19103F-16F7-4668-BE54-9A1E7A4F7556}") = "Prep5", "csharp-prep\Prep5\Prep5.csproj", "{F2BF7DE2-38E2-4FDF-80D6-072F6C2DEC22}"
EndProject
Project("{2150E333-8FDC-42A3-9474-1A3956D46DE8}") = "final", "final", "{38031727-58DA-42EE-8BAC-7DA073CD5CCC}"
EndProject
Project("{9A19103F-16F7-4668-BE54-9A1E7A4F7556}") = "FinalProject", "final\FinalProject\FinalProject.csproj", "{83698F01-B090-4B92-896E-F605FBF4CDC9}"
EndProject
Project("{9A19103F-16F7-4668-BE54-9A1E7A4F7556}") = "Foundation1", "final\Foundation1\Foundation1.csproj", "{81002140-DC00-44FD-B554-1F0B1B1A7662}"
EndProject
Project("{9A19103F-16F7-4668-BE54-9A1E7A4F7556}") = "Foundation2", "final\Foundation2\Foundation2.csproj", "{F705CD35-86A2-4E03-8D28-97890BA2D188}"
EndProject
Project("{9A19103F-16F7-4668-BE54-9A1E7A4F7556}") = "Foundation3", "final\Foundation3\Foundation3.csproj", "{51FD0B22-4699-4FAD-BC5F-F643E8A4948E}"
EndProject
Project("{9A19103F-16F7-4668-BE54-9A1E7A4F7556}") = "Foundation4", "final\Foundation4\Foundation4.csproj", "{DAD3F400-82D1-406A-99F8-699E01C77BB4}"
EndProject
Project("{2150E333-8FDC-42A3-9474-1A3956D46DE8}") = "prepare", "prepare", "{F2DD7C33-3302-40EC-985A-43EFBC0D54A3}"
EndProject
Project("{9A19103F-16F7-4668-BE54-9A1E7A4F7556}") = "Learning02", "prepare\Learning02\Learning02.csproj", "{6AC07F9D-4E52-4E35-9737-3AE283A086CC}"
EndProject
Project("{9A19103F-16F7-4668-BE54-9A1E7A4F7556}") = "Learning03", "prepare\Learning03\Learning03.csproj", "{04A267E1-BCB2-4B19-A444-9815287E87C6}"
EndProject
Project("{9A19103F-16F7-4668-BE54-9A1E7A4F7556}") = "Learning04", "prepare\Learning04\Learning04.csproj", "{A37529F7-258E-40E0-979B-A6E0FFA31B33}"
EndProject
Project("{9A19103F-16F7-4668-BE54-9A1E7A4F7556}") = "Learning05", "prepare\Learning05\Learning05.csproj", "{75EFB133-D1BB-415C-8668-BE9E09F5F6C2}"
EndProject
Project("{2150E333-8FDC-42A3-9474-1A3956D46DE8}") = "prove", "prove", "{5458F246-DC7D-4B73-88C7-B7589CB4BA35}"
EndProject
Project("{9A19103F-16F7-4668-BE54-9A1E7A4F7556}") = "Develop02", "prove\Develop02\Develop02.csproj", "{F871E475-0A53-412D-A895-03BF27267FBF}"
EndProject
Project("{9A19103F-16F7-4668-BE54-9A1E7A4F7556}") = "Develop03", "prove\Develop03\Develop03.csproj", "{6EF4C588-FAF6-4765-9AE8-10050D2B307A}"
EndProject
Project("{9A19103F-16F7-4668-BE54-9A1E7A4F7556}") = "Develop04", "prove\Develop04\Develop04.csproj", "{7D387A22-2CE7-4000-881A-26D3D2BAD9F9}"
EndProject
Project("{9A19103F-16F7-4668-BE54-9A1E7A4F7556}") = "Develop05", "prove\Develop05\Develop05.csproj", "{A4AE9898-7ABE-4D94-9468-969DD28D7AA7}"
EndProject
Project("{2150E333-8FDC-42A3-9474-1A3956D46DE8}") = "sandbox", "sandbox", "{7D2B17CC-0A55-4D52-BC3F-B6A83358FD36}"
EndProject
Project("{9A19103F-16F7-4668-BE54-9A1E7A4F7556}") = "Sandbox", "sandbox\Sandbox\Sandbox.csproj", "{84B9471D-D6F9-4E90-95FD-01EC529A3E26}"
EndProject
Global
	GlobalSection(SolutionConfigurationPlatforms) = preSolution
		Debug|Any CPU = Debug|Any CPU
		Release|Any CPU = Release|Any CPU
	EndGlobalSection
	GlobalSection(ProjectConfigurationPlatforms) = postSolution
		{5F6E4A35-B10A-443D-BD04-444B253794D1}.Debug|Any CPU.ActiveCfg = Debug|Any CPU
		{5F6E4A35-B10A-443D-BD04-444B253794D1}.Debug|Any CPU.Build.0 = Debug|Any CPU
		{5F6E4A35-B10A-443D-BD04-444B253794D1}.Release|Any CPU.ActiveCfg = Release|Any CPU
		{5F6E4A35-B10A-443D-BD04-444B253794D1}.Release|Any CPU.Build.0 = Release|Any CPU
		{251F6BB3-55C6-4305-9884-DD6CCC6A99B5}.Debug|Any CPU.ActiveCfg = Debug|Any CPU
		{251F6BB3-55C6-4305-9884-DD6CCC6A99B5}.Debug|Any CPU.Build.0 = Debug|Any CPU
		{251F6BB3-55C6-4305-9884-DD6CCC6A99B5}.Release|Any CPU.ActiveCfg = Release|Any CPU
		{251F6BB3-55C6-4305-9884-DD6CCC6A99B5}.Release|Any CPU.Build.0 = Release|Any CPU
		{9222629B-F529-4034-BBEF-9439FCDE64D6}.Debug|Any CPU.ActiveCfg = Debug|Any CPU
		{9222629B-F529-4034-BBEF-9439FCDE64D6}.Debug|Any CPU.Build.0 = Debug|Any CPU
		{9222629B-F529-4034-BBEF-9439FCDE64D6}.Release|Any CPU.ActiveCfg = Release|Any CPU
		{9222629B-F529-4034-BBEF-9439FCDE64D6}.Release|Any CPU.Build.0 = Release|Any CPU
		{168604C5-2564-4758-981B-DF155803209A}.Debug|Any CPU.ActiveCfg = Debug|Any CPU
		{168604C5-2564-4758-981B-DF155803209A}.Debug|Any CPU.Build.0 = Debug|Any CPU
		{168604C5-2564-4758-981B-DF155803209A}.Release|Any CPU.ActiveCfg = Release|Any CPU
		{168604C5-2564-4758-981B-DF155803209A}.Release|Any CPU.Build.0 = Release|Any CPU
		{F2BF7DE2-38E2-4FDF-80D6-072F6C2DEC22}.Debug|Any CPU.ActiveCfg = Debug|Any CPU
		{F2BF7DE2-38E2-4FDF-80D6-072F6C2DEC22}.Debug|Any CPU.Build.0 = Debug|Any CPU
		{F2BF7DE2-38E2-4FDF-80D6-072F6C2DEC22}.Release|Any CPU.ActiveCfg = Release|Any CPU
		{F2BF7DE2-38E2-4FDF-80D6-072F6C2DEC22}.Release|Any CPU.Build.0 = Release|Any CPU
		{83698F01-B090-4B92-896E-F605FBF4CDC9}.Debug|Any CPU.ActiveCfg = Debug|Any CPU
		{83698F01-B090-4B92-896E-F605FBF4CDC9}.Debug|Any CPU.Build.0 = Debug|Any CPU
		{83698F01-B090-4B92-896E-F605FBF4CDC9}.Release|Any CPU.ActiveCfg = Release|Any CPU
		{83698F01-B090-4B92-896E-F605FBF4CDC9}.Release|Any CPU.Build.0 = Release|Any CPU
		{81002140-DC00-44FD-B554-1F0B1B1A7662}.Debug|Any CPU.ActiveCfg = Debug|Any CPU
		{81002140-DC00-44FD-B554-1F0B1B1A7662}.Debug|Any CPU.Build.0 = Debug|Any CPU
		{81002140-DC00-44FD-B554-1F0B1B1A7662}.Release|Any CPU.ActiveCfg = Release|Any CPU
		{81002140-DC00-44FD-B554-1F0B1B1A7662}.Release|Any CPU.Build.0 = Release|Any CPU
		{F705CD35-86A2-4E03-8D28-97890BA2D188}.Debug|Any CPU.ActiveCfg = Debug|Any CPU
		{F705CD35-86A2-4E03-8D28-97890BA2D188}.Debug|Any CPU.Build.0 = Debug|Any CPU
		{F705CD35-86A2-4E03-8D28-97890BA2D188}.Release|Any CPU.ActiveCfg = Release|Any CPU
		{F705CD35-86A2-4E03-8D28-97890BA2D188}.Release|Any CPU.Build.0 = Release|Any CPU
		{51FD0B22-4699-4FAD-BC5F-F643E8A4948E}.Debug|Any CPU.ActiveCfg = Debug|Any CPU
		{51FD0B22-4699-4FAD-BC5F-F643E8A4948E}.Debug|Any CPU.Build.0 = Debug|Any CPU
		{51FD0B22-4699-4FAD-BC5F-F643E8A4948E}.Release|Any CPU.ActiveCfg = Release|Any CPU
		{51FD0B22-4699-4FAD-BC5F-F643E8A4948E}.Release|Any CPU.Build.0 = Release|Any CPU
		{DAD3F400-82D1-406A-99F8-699E01C77BB4}.Debug|Any CPU.ActiveCfg = Debug|Any CPU
		{DAD3F400-82D1-406A-99F8-699E01C77BB4}.Debug|Any CPU.Build.0 = Debug|Any CPU
		{DAD3F400-82D1-406A-99F8-699E01C77BB4}.Release|Any CPU.ActiveCfg = Release|Any CPU
		{DAD3F400-82D1-406A-99F8-699E01C77BB4}.Release|Any CPU.Build.0 = Release|Any CPU
		{6AC07F9D-4E52-4E35-9737-3AE283A086CC}.Debug|Any CPU.ActiveCfg = Debug|Any CPU
		{6AC07F9D-4E52-4E35-9737-3AE283A086CC}.Debug|Any CPU.Build.0 = Debug|Any CPU
		{6AC07F9D-4E52-4E35-9737-3AE283A086CC}.Release|Any CPU.ActiveCfg = Release|Any CPU
		{6AC07F9D-4E52-4E35-9737-3AE283A086CC}.Release|Any CPU.Build.0 = Release|Any CPU
		{04A267E1-BCB2-4B19-A444-9815287E87C6}.Debug|Any CPU.ActiveCfg = Debug|Any CPU
		{04A267E1-BCB2-4B19-A444-9815287E87C6}.Debug|Any CPU.Build.0 = Debug|Any CPU
		{04A267E1-BCB2-4B19-A444-9815287E87C6}.Release|Any CPU.ActiveCfg = Release|Any CPU
		{04A267E1-BCB2-4B19-A444-9815287E87C6}.Release|Any CPU.Build.0 = Release|Any CPU
		{A37529F7-258E-40E0-979B-A6E0FFA31B33}.Debug|Any CPU.ActiveCfg = Debug|Any CPU
		{A37529F7-258E-40E0-979B-A6E0FFA31B33}.Debug|Any CPU.Build.0 = Debug|Any CPU
		{A37529F7-258E-40E0-979B-A6E0FFA31B33}.Release|Any CPU.ActiveCfg = Release|Any CPU
		{A37529F7-258E-40E0-979B-A6E0FFA31B33}.Release|Any CPU.Build.0 = Release|Any CPU
		{75EFB133-D1BB-415C-8668-BE9E09F5F6C2}.Debug|Any CPU.ActiveCfg = Debug|Any CPU
		{75EFB133-D1BB-415C-8668-BE9E09F5F6C2}.Debug|Any CPU.Build.0 = Debug|Any CPU
		{75EFB133-D1BB-415C-8668-BE9E09F5F6C2}.Release|Any CPU.ActiveCfg = Release|Any CPU
		{75EFB133-D1BB-415C-8668-BE9E09F5F6C2}.Release|Any CPU.Build.0 = Release|Any CPU
		{F871E475-0A53-412D-A895-03BF27267FBF}.Debug|Any CPU.ActiveCfg = Debug|Any CPU
		{F871E475-0A53-412D-A895-03BF27267FBF}.Debug|Any CPU.Build.0 = Debug|Any CPU
		{F871E475-0A53-412D-A895-03BF27267FBF}.Release|Any CPU.ActiveCfg = Release|Any CPU
		{F871E475-0A53-412D-A895-03BF27267FBF}.Release|Any CPU.Build.0 = Release|Any CPU
		{6EF4C588-FAF6-4765-9AE8-10050D2B307A}.Debug|Any CPU.ActiveCfg = Debug|Any CPU
		{6EF4C588-FAF6-4765-9AE8-10050D2B307A}.Debug|Any CPU.Build.0 = Debug|Any CPU
		{6EF4C588-FAF6-4765-9AE8-10050D2B307A}.Release|Any CPU.ActiveCfg = Release|Any CPU
		{6EF4C588-FAF6-4765-9AE8-10050D2B307A}.Release|Any CPU.Build.0 = Release|Any CPU
		{7D387A22-2CE7-4000-881A-26D3D2BAD9F9}.Debug|Any CPU.ActiveCfg = Debug|Any CPU
		{7D387A22-2CE7-4000-881A-26D3D2BAD9F9}.Debug|Any CPU.Build.0 = Debug|Any CPU
		{7D387A22-2CE7-4000-881A-26D3D2BAD9F9}.Release|Any CPU.ActiveCfg = Release|Any CPU
		{7D387A22-2CE7-4000-881A-26D3D2BAD9F9}.Release|Any CPU.Build.0 = Release|Any CPU
		{A4AE9898-7ABE-4D94-9468-969DD28D7AA7}.Debug|Any CPU.ActiveCfg = Debug|Any CPU
		{A4AE9898-7ABE-4D94-9468-969DD28D7AA7}.Debug|Any CPU.Build.0 = Debug|Any CPU
		{A4AE9898-7ABE-4D94-9468-969DD28D7AA7}.Release|Any CPU.ActiveCfg = Release|Any CPU
		{A4AE9898-7ABE-4D94-9468-969DD28D7AA7}.Release|Any CPU.Build.0 = Release|Any CPU
		{84B9471D-D6F9-4E90-95FD-01EC529A3E26}.Debug|Any CPU.ActiveCfg = Debug|Any CPU
		{84B9471D-D6F9-4E90-95FD-01EC529A3E26}.Debug|Any CPU.Build.0 = Debug|Any CPU
		{84B9471D-D6F9-4E90-95FD-01EC529A3E26}.Release|Any CPU.ActiveCfg = Release|Any CPU
		{84B9471D-D6F9-4E90-95FD-01EC529A3E26}.Release|Any CPU.Build.0 = Release|Any CPU
	EndGlobalSection
	GlobalSection(SolutionProperties) = preSolution
		HideSolutionNode = FALSE
	EndGlobalSection
	GlobalSection(NestedProjects) = preSolution
		{5F6E4A35-B10A-443D-BD04-444B253794D1} = {8531D780-D9A0-48F4-B0D9-344EBDED39B1}
		{251F6BB3-55C6-4305-9884-DD6CCC6A99B5} = {8531D780-D9A0-48F4-B0D9-344EBDED39B1}
		{9222629B-F529-4034-BBEF-9439FCDE64D6} = {8531D780-D9A0-48F4-B0D9-344EBDED39B1}
		{168604C5-2564-4758-981B-DF155803209A} = {8531D780-D9A0-48F4-B0D9-344EBDED39B1}
		{F2BF7DE2-38E2-4FDF-80D6-072F6C2DEC22} = {8531D780-D9A0-48F4-B0D9-344EBDED39B1}
		{83698F01-B090-4B92-896E-F605FBF4CDC9} = {38031727-58DA-42EE-8BAC-7DA073CD5CCC}
		{81002140-DC00-44FD-B554-1F0B1B1A7662} = {38031727-58DA-42EE-8BAC-7DA073CD5CCC}
		{F705CD35-86A2-4E03-8D28-97890BA2D188} = {38031727-58DA-42EE-8BAC-7DA073CD5CCC}
		{51FD0B22-4699-4FAD-BC5F-F643E8A4948E} = {38031727-58DA-42EE-8BAC-7DA073CD5CCC}
		{DAD3F400-82D1-406A-99F8-699E01C77BB4} = {38031727-58DA-42EE-8BAC-7DA073CD5CCC}
		{6AC07F9D-4E52-4E35-9737-3AE283A086CC} = {F2DD7C33-3302-40EC-985A-43EFBC0D54A3}
		{04A267E1-BCB2-4B19-A444-9815287E87C6} = {F2DD7C33-3302-40EC-985A-43EFBC0D54A3}
		{A37529F7-258E-40E0-979B-A6E0FFA31B33} = {F2DD7C33-3302-40EC-985A-43EFBC0D54A3}
		{75EFB133-D1BB-415C-8668-BE9E09F5F6C2} = {F2DD7C33-3302-40EC-985A-43EFBC0D54A3}
		{F871E475-0A53-412D-A895-03BF27267FBF} = {5458F246-DC7D-4B73-88C7-B7589CB4BA35}
		{6EF4C588-FAF6-4765-9AE8-10050D2B307A} = {5458F246-DC7D-4B73-88C7-B7589CB4BA35}
		{7D387A22-2CE7-4000-881A-26D3D2BAD9F9} = {5458F246-DC7D-4B73-88C7-B7589CB4BA35}
		{A4AE9898-7ABE-4D94-9468-969DD28D7AA7} = {5458F246-DC7D-4B73-88C7-B7589CB4BA35}
		{84B9471D-D6F9-4E90-95FD-01EC529A3E26} = {7D2B17CC-0A55-4D52-BC3F-B6A83358FD36}
	EndGlobalSection
	GlobalSection(ExtensibilityGlobals) = postSolution
		SolutionGuid = {BFAEA78A-4675-4B14-A3AC-F74890CA9713}
	EndGlobalSection
EndGlobal
